// !$*UTF8*$!
{
	archiveVersion = 1;
	classes = {
	};
	objectVersion = 46;
	objects = {

/* Begin PBXBuildFile section */
		40B8811D1CD303B200FCC7C4 /* main.m in Sources */ = {isa = PBXBuildFile; fileRef = 40B8811C1CD303B200FCC7C4 /* main.m */; };
		40B881201CD303B200FCC7C4 /* AppDelegate.m in Sources */ = {isa = PBXBuildFile; fileRef = 40B8811F1CD303B200FCC7C4 /* AppDelegate.m */; };
		40B881231CD303B200FCC7C4 /* ViewController.m in Sources */ = {isa = PBXBuildFile; fileRef = 40B881221CD303B200FCC7C4 /* ViewController.m */; };
		40B881261CD303B200FCC7C4 /* Main.storyboard in Resources */ = {isa = PBXBuildFile; fileRef = 40B881241CD303B200FCC7C4 /* Main.storyboard */; };
		40B881281CD303B200FCC7C4 /* Assets.xcassets in Resources */ = {isa = PBXBuildFile; fileRef = 40B881271CD303B200FCC7C4 /* Assets.xcassets */; };
		40B8812B1CD303B200FCC7C4 /* LaunchScreen.storyboard in Resources */ = {isa = PBXBuildFile; fileRef = 40B881291CD303B200FCC7C4 /* LaunchScreen.storyboard */; };
		40B881341CD304D400FCC7C4 /* MessureTheBlurry.mm in Sources */ = {isa = PBXBuildFile; fileRef = 40B881331CD304D400FCC7C4 /* MessureTheBlurry.mm */; };
		B7E93FCEA81AD1C9ED895C6B /* libPods.a in Frameworks */ = {isa = PBXBuildFile; fileRef = FE809FD92A1F8FEF1368C93B /* libPods.a */; };
/* End PBXBuildFile section */

/* Begin PBXFileReference section */
		12FE13E70F3CF1B9BC50DD32 /* Pods.release.xcconfig */ = {isa = PBXFileReference; includeInIndex = 1; lastKnownFileType = text.xcconfig; name = Pods.release.xcconfig; path = "Pods/Target Support Files/Pods/Pods.release.xcconfig"; sourceTree = "<group>"; };
		40B881181CD303B200FCC7C4 /* 图像判断.app */ = {isa = PBXFileReference; explicitFileType = wrapper.application; includeInIndex = 0; path = "图像判断.app"; sourceTree = BUILT_PRODUCTS_DIR; };
		40B8811C1CD303B200FCC7C4 /* main.m */ = {isa = PBXFileReference; lastKnownFileType = sourcecode.c.objc; path = main.m; sourceTree = "<group>"; };
		40B8811E1CD303B200FCC7C4 /* AppDelegate.h */ = {isa = PBXFileReference; lastKnownFileType = sourcecode.c.h; path = AppDelegate.h; sourceTree = "<group>"; };
		40B8811F1CD303B200FCC7C4 /* AppDelegate.m */ = {isa = PBXFileReference; lastKnownFileType = sourcecode.c.objc; path = AppDelegate.m; sourceTree = "<group>"; };
		40B881211CD303B200FCC7C4 /* ViewController.h */ = {isa = PBXFileReference; lastKnownFileType = sourcecode.c.h; path = ViewController.h; sourceTree = "<group>"; };
		40B881221CD303B200FCC7C4 /* ViewController.m */ = {isa = PBXFileReference; lastKnownFileType = sourcecode.c.objc; path = ViewController.m; sourceTree = "<group>"; };
		40B881251CD303B200FCC7C4 /* Base */ = {isa = PBXFileReference; lastKnownFileType = file.storyboard; name = Base; path = Base.lproj/Main.storyboard; sourceTree = "<group>"; };
		40B881271CD303B200FCC7C4 /* Assets.xcassets */ = {isa = PBXFileReference; lastKnownFileType = folder.assetcatalog; path = Assets.xcassets; sourceTree = "<group>"; };
		40B8812A1CD303B200FCC7C4 /* Base */ = {isa = PBXFileReference; lastKnownFileType = file.storyboard; name = Base; path = Base.lproj/LaunchScreen.storyboard; sourceTree = "<group>"; };
		40B8812C1CD303B200FCC7C4 /* Info.plist */ = {isa = PBXFileReference; lastKnownFileType = text.plist.xml; path = Info.plist; sourceTree = "<group>"; };
		40B881321CD304D400FCC7C4 /* MessureTheBlurry.h */ = {isa = PBXFileReference; fileEncoding = 4; lastKnownFileType = sourcecode.c.h; path = MessureTheBlurry.h; sourceTree = "<group>"; };
		40B881331CD304D400FCC7C4 /* MessureTheBlurry.mm */ = {isa = PBXFileReference; fileEncoding = 4; lastKnownFileType = sourcecode.cpp.objcpp; path = MessureTheBlurry.mm; sourceTree = "<group>"; };
		7072F2E183CD2BC85E6B03F1 /* Pods.debug.xcconfig */ = {isa = PBXFileReference; includeInIndex = 1; lastKnownFileType = text.xcconfig; name = Pods.debug.xcconfig; path = "Pods/Target Support Files/Pods/Pods.debug.xcconfig"; sourceTree = "<group>"; };
		FE809FD92A1F8FEF1368C93B /* libPods.a */ = {isa = PBXFileReference; explicitFileType = archive.ar; includeInIndex = 0; path = libPods.a; sourceTree = BUILT_PRODUCTS_DIR; };
/* End PBXFileReference section */

/* Begin PBXFrameworksBuildPhase section */
		40B881151CD303B200FCC7C4 /* Frameworks */ = {
			isa = PBXFrameworksBuildPhase;
			buildActionMask = 2147483647;
			files = (
				B7E93FCEA81AD1C9ED895C6B /* libPods.a in Frameworks */,
			);
			runOnlyForDeploymentPostprocessing = 0;
		};
/* End PBXFrameworksBuildPhase section */

/* Begin PBXGroup section */
		40B8810F1CD303B200FCC7C4 = {
			isa = PBXGroup;
			children = (
				40B8811A1CD303B200FCC7C4 /* 图像判断 */,
				40B881191CD303B200FCC7C4 /* Products */,
				6F4E0DAC086618DC8842CA9A /* Pods */,
				56E63041BB25183566235E78 /* Frameworks */,
			);
			sourceTree = "<group>";
		};
		40B881191CD303B200FCC7C4 /* Products */ = {
			isa = PBXGroup;
			children = (
				40B881181CD303B200FCC7C4 /* 图像判断.app */,
			);
			name = Products;
			sourceTree = "<group>";
		};
		40B8811A1CD303B200FCC7C4 /* 图像判断 */ = {
			isa = PBXGroup;
			children = (
				40B881361CD30D1800FCC7C4 /* MessureTheBlurry */,
				40B881321CD304D400FCC7C4 /* MessureTheBlurry.h */,
				40B881331CD304D400FCC7C4 /* MessureTheBlurry.mm */,
				40B8811E1CD303B200FCC7C4 /* AppDelegate.h */,
				40B8811F1CD303B200FCC7C4 /* AppDelegate.m */,
				40B881211CD303B200FCC7C4 /* ViewController.h */,
				40B881221CD303B200FCC7C4 /* ViewController.m */,
				40B881241CD303B200FCC7C4 /* Main.storyboard */,
				40B881271CD303B200FCC7C4 /* Assets.xcassets */,
				40B881291CD303B200FCC7C4 /* LaunchScreen.storyboard */,
				40B8812C1CD303B200FCC7C4 /* Info.plist */,
				40B8811B1CD303B200FCC7C4 /* Supporting Files */,
			);
			path = "图像判断";
			sourceTree = "<group>";
		};
		40B8811B1CD303B200FCC7C4 /* Supporting Files */ = {
			isa = PBXGroup;
			children = (
				40B8811C1CD303B200FCC7C4 /* main.m */,
			);
			name = "Supporting Files";
			sourceTree = "<group>";
		};
		40B881361CD30D1800FCC7C4 /* MessureTheBlurry */ = {
			isa = PBXGroup;
			children = (
			);
			name = MessureTheBlurry;
			sourceTree = "<group>";
		};
		56E63041BB25183566235E78 /* Frameworks */ = {
			isa = PBXGroup;
			children = (
				FE809FD92A1F8FEF1368C93B /* libPods.a */,
			);
			name = Frameworks;
			sourceTree = "<group>";
		};
		6F4E0DAC086618DC8842CA9A /* Pods */ = {
			isa = PBXGroup;
			children = (
				7072F2E183CD2BC85E6B03F1 /* Pods.debug.xcconfig */,
				12FE13E70F3CF1B9BC50DD32 /* Pods.release.xcconfig */,
			);
			name = Pods;
			sourceTree = "<group>";
		};
/* End PBXGroup section */

/* Begin PBXNativeTarget section */
		40B881171CD303B200FCC7C4 /* 图像判断 */ = {
			isa = PBXNativeTarget;
			buildConfigurationList = 40B8812F1CD303B200FCC7C4 /* Build configuration list for PBXNativeTarget "图像判断" */;
			buildPhases = (
				27812954EA95BF06FD698218 /* Check Pods Manifest.lock */,
				40B881141CD303B200FCC7C4 /* Sources */,
				40B881151CD303B200FCC7C4 /* Frameworks */,
				40B881161CD303B200FCC7C4 /* Resources */,
				1AEF30B263700596B1DC32E6 /* Embed Pods Frameworks */,
				719858F923C056F68BCB081E /* Copy Pods Resources */,
			);
			buildRules = (
			);
			dependencies = (
			);
			name = "图像判断";
			productName = "图像判断";
			productReference = 40B881181CD303B200FCC7C4 /* 图像判断.app */;
			productType = "com.apple.product-type.application";
		};
/* End PBXNativeTarget section */

/* Begin PBXProject section */
		40B881101CD303B200FCC7C4 /* Project object */ = {
			isa = PBXProject;
			attributes = {
				LastUpgradeCheck = 0720;
				ORGANIZATIONNAME = "于玮";
				TargetAttributes = {
					40B881171CD303B200FCC7C4 = {
						CreatedOnToolsVersion = 7.2.1;
					};
				};
			};
			buildConfigurationList = 40B881131CD303B200FCC7C4 /* Build configuration list for PBXProject "图像判断" */;
			compatibilityVersion = "Xcode 3.2";
			developmentRegion = English;
			hasScannedForEncodings = 0;
			knownRegions = (
				en,
				Base,
			);
			mainGroup = 40B8810F1CD303B200FCC7C4;
			productRefGroup = 40B881191CD303B200FCC7C4 /* Products */;
			projectDirPath = "";
			projectRoot = "";
			targets = (
				40B881171CD303B200FCC7C4 /* 图像判断 */,
			);
		};
/* End PBXProject section */

/* Begin PBXResourcesBuildPhase section */
		40B881161CD303B200FCC7C4 /* Resources */ = {
			isa = PBXResourcesBuildPhase;
			buildActionMask = 2147483647;
			files = (
				40B8812B1CD303B200FCC7C4 /* LaunchScreen.storyboard in Resources */,
				40B881281CD303B200FCC7C4 /* Assets.xcassets in Resources */,
				40B881261CD303B200FCC7C4 /* Main.storyboard in Resources */,
			);
			runOnlyForDeploymentPostprocessing = 0;
		};
/* End PBXResourcesBuildPhase section */

/* Begin PBXShellScriptBuildPhase section */
		1AEF30B263700596B1DC32E6 /* Embed Pods Frameworks */ = {
			isa = PBXShellScriptBuildPhase;
			buildActionMask = 2147483647;
			files = (
			);
			inputPaths = (
			);
			name = "Embed Pods Frameworks";
			outputPaths = (
			);
			runOnlyForDeploymentPostprocessing = 0;
			shellPath = /bin/sh;
			shellScript = "\"${SRCROOT}/Pods/Target Support Files/Pods/Pods-frameworks.sh\"\n";
			showEnvVarsInLog = 0;
		};
		27812954EA95BF06FD698218 /* Check Pods Manifest.lock */ = {
			isa = PBXShellScriptBuildPhase;
			buildActionMask = 2147483647;
			files = (
			);
			inputPaths = (
			);
			name = "Check Pods Manifest.lock";
			outputPaths = (
			);
			runOnlyForDeploymentPostprocessing = 0;
			shellPath = /bin/sh;
			shellScript = "diff \"${PODS_ROOT}/../Podfile.lock\" \"${PODS_ROOT}/Manifest.lock\" > /dev/null\nif [[ $? != 0 ]] ; then\n    cat << EOM\nerror: The sandbox is not in sync with the Podfile.lock. Run 'pod install' or update your CocoaPods installation.\nEOM\n    exit 1\nfi\n";
			showEnvVarsInLog = 0;
		};
		719858F923C056F68BCB081E /* Copy Pods Resources */ = {
			isa = PBXShellScriptBuildPhase;
			buildActionMask = 2147483647;
			files = (
			);
			inputPaths = (
			);
			name = "Copy Pods Resources";
			outputPaths = (
			);
			runOnlyForDeploymentPostprocessing = 0;
			shellPath = /bin/sh;
			shellScript = "\"${SRCROOT}/Pods/Target Support Files/Pods/Pods-resources.sh\"\n";
			showEnvVarsInLog = 0;
		};
/* End PBXShellScriptBuildPhase section */

/* Begin PBXSourcesBuildPhase section */
		40B881141CD303B200FCC7C4 /* Sources */ = {
			isa = PBXSourcesBuildPhase;
			buildActionMask = 2147483647;
			files = (
				40B881341CD304D400FCC7C4 /* MessureTheBlurry.mm in Sources */,
				40B881231CD303B200FCC7C4 /* ViewController.m in Sources */,
				40B881201CD303B200FCC7C4 /* AppDelegate.m in Sources */,
				40B8811D1CD303B200FCC7C4 /* main.m in Sources */,
			);
			runOnlyForDeploymentPostprocessing = 0;
		};
/* End PBXSourcesBuildPhase section */

/* Begin PBXVariantGroup section */
		40B881241CD303B200FCC7C4 /* Main.storyboard */ = {
			isa = PBXVariantGroup;
			children = (
				40B881251CD303B200FCC7C4 /* Base */,
			);
			name = Main.storyboard;
			sourceTree = "<group>";
		};
		40B881291CD303B200FCC7C4 /* LaunchScreen.storyboard */ = {
			isa = PBXVariantGroup;
			children = (
				40B8812A1CD303B200FCC7C4 /* Base */,
			);
			name = LaunchScreen.storyboard;
			sourceTree = "<group>";
		};
/* End PBXVariantGroup section */

/* Begin XCBuildConfiguration section */
		40B8812D1CD303B200FCC7C4 /* Debug */ = {
			isa = XCBuildConfiguration;
			buildSettings = {
				ALWAYS_SEARCH_USER_PATHS = NO;
				CLANG_CXX_LANGUAGE_STANDARD = "gnu++0x";
				CLANG_CXX_LIBRARY = "libc++";
				CLANG_ENABLE_MODULES = YES;
				CLANG_ENABLE_OBJC_ARC = YES;
				CLANG_WARN_BOOL_CONVERSION = YES;
				CLANG_WARN_CONSTANT_CONVERSION = YES;
				CLANG_WARN_DIRECT_OBJC_ISA_USAGE = YES_ERROR;
				CLANG_WARN_EMPTY_BODY = YES;
				CLANG_WARN_ENUM_CONVERSION = YES;
				CLANG_WARN_INT_CONVERSION = YES;
				CLANG_WARN_OBJC_ROOT_CLASS = YES_ERROR;
				CLANG_WARN_UNREACHABLE_CODE = YES;
				CLANG_WARN__DUPLICATE_METHOD_MATCH = YES;
				"CODE_SIGN_IDENTITY[sdk=iphoneos*]" = "iPhone Developer";
				COPY_PHASE_STRIP = NO;
				DEBUG_INFORMATION_FORMAT = dwarf;
				ENABLE_STRICT_OBJC_MSGSEND = YES;
				ENABLE_TESTABILITY = YES;
				GCC_C_LANGUAGE_STANDARD = gnu99;
				GCC_DYNAMIC_NO_PIC = NO;
				GCC_NO_COMMON_BLOCKS = YES;
				GCC_OPTIMIZATION_LEVEL = 0;
				GCC_PREPROCESSOR_DEFINITIONS = (
					"DEBUG=1",
					"$(inherited)",
				);
				GCC_WARN_64_TO_32_BIT_CONVERSION = YES;
				GCC_WARN_ABOUT_RETURN_TYPE = YES_ERROR;
				GCC_WARN_UNDECLARED_SELECTOR = YES;
				GCC_WARN_UNINITIALIZED_AUTOS = YES_AGGRESSIVE;
				GCC_WARN_UNUSED_FUNCTION = YES;
				GCC_WARN_UNUSED_VARIABLE = YES;
				IPHONEOS_DEPLOYMENT_TARGET = 9.2;
				MTL_ENABLE_DEBUG_INFO = YES;
				ONLY_ACTIVE_ARCH = YES;
				SDKROOT = iphoneos;
			};
			name = Debug;
		};
		40B8812E1CD303B200FCC7C4 /* Release */ = {
			isa = XCBuildConfiguration;
			buildSettings = {
				ALWAYS_SEARCH_USER_PATHS = NO;
				CLANG_CXX_LANGUAGE_STANDARD = "gnu++0x";
				CLANG_CXX_LIBRARY = "libc++";
				CLANG_ENABLE_MODULES = YES;
				CLANG_ENABLE_OBJC_ARC = YES;
				CLANG_WARN_BOOL_CONVERSION = YES;
				CLANG_WARN_CONSTANT_CONVERSION = YES;
				CLANG_WARN_DIRECT_OBJC_ISA_USAGE = YES_ERROR;
				CLANG_WARN_EMPTY_BODY = YES;
				CLANG_WARN_ENUM_CONVERSION = YES;
				CLANG_WARN_INT_CONVERSION = YES;
				CLANG_WARN_OBJC_ROOT_CLASS = YES_ERROR;
				CLANG_WARN_UNREACHABLE_CODE = YES;
				CLANG_WARN__DUPLICATE_METHOD_MATCH = YES;
				"CODE_SIGN_IDENTITY[sdk=iphoneos*]" = "iPhone Developer";
				COPY_PHASE_STRIP = NO;
				DEBUG_INFORMATION_FORMAT = "dwarf-with-dsym";
				ENABLE_NS_ASSERTIONS = NO;
				ENABLE_STRICT_OBJC_MSGSEND = YES;
				GCC_C_LANGUAGE_STANDARD = gnu99;
				GCC_NO_COMMON_BLOCKS = YES;
				GCC_WARN_64_TO_32_BIT_CONVERSION = YES;
				GCC_WARN_ABOUT_RETURN_TYPE = YES_ERROR;
				GCC_WARN_UNDECLARED_SELECTOR = YES;
				GCC_WARN_UNINITIALIZED_AUTOS = YES_AGGRESSIVE;
				GCC_WARN_UNUSED_FUNCTION = YES;
				GCC_WARN_UNUSED_VARIABLE = YES;
				IPHONEOS_DEPLOYMENT_TARGET = 9.2;
				MTL_ENABLE_DEBUG_INFO = NO;
				SDKROOT = iphoneos;
				VALIDATE_PRODUCT = YES;
			};
			name = Release;
		};
		40B881301CD303B200FCC7C4 /* Debug */ = {
			isa = XCBuildConfiguration;
			baseConfigurationReference = 7072F2E183CD2BC85E6B03F1 /* Pods.debug.xcconfig */;
			buildSettings = {
				ASSETCATALOG_COMPILER_APPICON_NAME = AppIcon;
				INFOPLIST_FILE = "图像判断/Info.plist";
				LD_RUNPATH_SEARCH_PATHS = "$(inherited) @executable_path/Frameworks";
				PRODUCT_BUNDLE_IDENTIFIER = "com.personnal..----";
				PRODUCT_NAME = "$(TARGET_NAME)";
			};
			name = Debug;
		};
		40B881311CD303B200FCC7C4 /* Release */ = {
			isa = XCBuildConfiguration;
			baseConfigurationReference = 12FE13E70F3CF1B9BC50DD32 /* Pods.release.xcconfig */;
			buildSettings = {
				ASSETCATALOG_COMPILER_APPICON_NAME = AppIcon;
				INFOPLIST_FILE = "图像判断/Info.plist";
				LD_RUNPATH_SEARCH_PATHS = "$(inherited) @executable_path/Frameworks";
				PRODUCT_BUNDLE_IDENTIFIER = "com.personnal..----";
				PRODUCT_NAME = "$(TARGET_NAME)";
			};
			name = Release;
		};
/* End XCBuildConfiguration section */

/* Begin XCConfigurationList section */
		40B881131CD303B200FCC7C4 /* Build configuration list for PBXProject "图像判断" */ = {
			isa = XCConfigurationList;
			buildConfigurations = (
				40B8812D1CD303B200FCC7C4 /* Debug */,
				40B8812E1CD303B200FCC7C4 /* Release */,
			);
			defaultConfigurationIsVisible = 0;
			defaultConfigurationName = Release;
		};
		40B8812F1CD303B200FCC7C4 /* Build configuration list for PBXNativeTarget "图像判断" */ = {
			isa = XCConfigurationList;
			buildConfigurations = (
				40B881301CD303B200FCC7C4 /* Debug */,
				40B881311CD303B200FCC7C4 /* Release */,
			);
			defaultConfigurationIsVisible = 0;
			defaultConfigurationName = Release;
		};
/* End XCConfigurationList section */
	};
	rootObject = 40B881101CD303B200FCC7C4 /* Project object */;
}
